
Microsoft Visual Studio Solution File, Format Version 12.00
# Visual Studio 15
VisualStudioVersion = 15.0.27130.2027
MinimumVisualStudioVersion = 10.0.40219.1
Project("{FAE04EC0-301F-11D3-BF4B-00C04F79EFBC}") = "MsDevBot", "MsDevBot\MsDevBot.csproj", "{BB3949E9-9C08-4494-B6D2-9A6C324C2804}"
EndProject
Global
	GlobalSection(SolutionConfigurationPlatforms) = preSolution
		Debug|Any CPU = Debug|Any CPU
		Release|Any CPU = Release|Any CPU
	EndGlobalSection
	GlobalSection(ProjectConfigurationPlatforms) = postSolution
		{BB3949E9-9C08-4494-B6D2-9A6C324C2804}.Debug|Any CPU.ActiveCfg = Debug|Any CPU
		{BB3949E9-9C08-4494-B6D2-9A6C324C2804}.Debug|Any CPU.Build.0 = Debug|Any CPU
		{BB3949E9-9C08-4494-B6D2-9A6C324C2804}.Release|Any CPU.ActiveCfg = Release|Any CPU
		{BB3949E9-9C08-4494-B6D2-9A6C324C2804}.Release|Any CPU.Build.0 = Release|Any CPU
	EndGlobalSection
	GlobalSection(SolutionProperties) = preSolution
		HideSolutionNode = FALSE
	EndGlobalSection
	GlobalSection(ExtensibilityGlobals) = postSolution
		SolutionGuid = {A012F60A-508F-48D2-AF6F-1C8CA9D43CF0}
	EndGlobalSection
EndGlobal
